{
  "name": "dependents",
  "version": "1.0.0",
  "lockfileVersion": 3,
  "requires": true,
  "packages": {
    "": {
      "name": "dependents",
      "version": "1.0.0",
      "license": "ISC",
      "dependencies": {
        "download-counts": "^2.20251015.0"
      }
    },
    "node_modules/download-counts": {
      "version": "2.20251015.0",
      "resolved": "https://registry.npmjs.org/download-counts/-/download-counts-2.20251015.0.tgz",
      "integrity": "sha512-YfNbQTC/P3VYhG5wi7QVyNh/MgWFhdIV2fR3QG6uVPtq4m+7Lsx1diG36QJ01fDwIa2bu6OuSpnoflIS4mDwMQ==",
      "license": "MIT"
    }
  }
}
