{
  "name": "dependents",
  "version": "1.0.0",
  "lockfileVersion": 3,
  "requires": true,
  "packages": {
    "": {
      "name": "dependents",
      "version": "1.0.0",
      "license": "ISC",
      "dependencies": {
        "download-counts": "^2.20250715.0"
      }
    },
    "node_modules/download-counts": {
      "version": "2.20250715.0",
      "resolved": "https://registry.npmjs.org/download-counts/-/download-counts-2.20250715.0.tgz",
      "integrity": "sha512-/cjhYv1An4tM9mYSxwT4Xf1CUxV1vHaF2mxRhlt9QlPPbO2KWqfwfx6Jxr+YysZwpw3DhNQRu3q7OrJD22UhtQ==",
      "license": "MIT"
    }
  }
}
